
Microsoft Visual Studio Solution File, Format Version 12.00
# Visual Studio Version 17
VisualStudioVersion = 17.0.31912.275
MinimumVisualStudioVersion = 10.0.40219.1
Project("{2150E333-8FDC-42A3-9474-1A3956D46DE8}") = "src", "src", "{9FD2D262-0172-4AE1-BCAD-4E1149EFBACF}"
EndProject
Project("{2150E333-8FDC-42A3-9474-1A3956D46DE8}") = "tests", "tests", "{8693873D-8C3B-4C49-A686-519EF9382041}"
EndProject
Project("{2150E333-8FDC-42A3-9474-1A3956D46DE8}") = "Libraries", "Libraries", "{CBD05933-11D0-45B9-A5B7-A77F3C5C90AF}"
EndProject
Project("{2150E333-8FDC-42A3-9474-1A3956D46DE8}") = "integration-test", "integration-test", "{69770C5C-1F60-4F63-854B-E88766E9A3E4}"
EndProject
Project("{2150E333-8FDC-42A3-9474-1A3956D46DE8}") = "Solution Items", "Solution Items", "{3F39829B-668E-4A97-9022-5872FA10ACDB}"
	ProjectSection(SolutionItems) = preProject
		.editorconfig = .editorconfig
	EndProjectSection
EndProject
Project("{FAE04EC0-301F-11D3-BF4B-00C04F79EFBC}") = "NCILibrary.TestingTools", "Libraries\NCILibrary.TestingTools\NCILibrary.TestingTools.csproj", "{A3B7185D-7CAC-4BB8-B1DC-1A662CD108A2}"
EndProject
Project("{FAE04EC0-301F-11D3-BF4B-00C04F79EFBC}") = "CancerGov.ClinicalTrialsAPI", "src\CancerGov.ClinicalTrialsAPI\CancerGov.ClinicalTrialsAPI.csproj", "{12836211-B27C-4706-A398-98AD892D7AFE}"
EndProject
Project("{FAE04EC0-301F-11D3-BF4B-00C04F79EFBC}") = "NCI.OCPL.ClinicalTrialSearchPrint", "src\NCI.OCPL.ClinicalTrialSearchPrint\NCI.OCPL.ClinicalTrialSearchPrint.csproj", "{FDBBB8E1-7580-46E6-8B5C-7203B22EC960}"
EndProject
Project("{FAE04EC0-301F-11D3-BF4B-00C04F79EFBC}") = "CancerGov.ClinicalTrialsAPI.Test", "test\CancerGov.ClinicalTrialsAPI.Test\CancerGov.ClinicalTrialsAPI.Test.csproj", "{0F51CA89-3E9F-4607-AB7B-C09274300398}"
EndProject
Project("{FAE04EC0-301F-11D3-BF4B-00C04F79EFBC}") = "NCI.OCPL.ClinicalTrialSearchPrint.Tests", "test\NCI.OCPL.ClinicalTrialSearchPrint.Tests\NCI.OCPL.ClinicalTrialSearchPrint.Tests.csproj", "{60D7EF3C-8298-4701-A5BE-BD4F62A0A2FB}"
EndProject
Project("{FAE04EC0-301F-11D3-BF4B-00C04F79EFBC}") = "CancerGov.DataManager", "src\CancerGov.DataManager\CancerGov.DataManager.csproj", "{2B4B8C9A-63D2-4859-A3C3-DB54487B20FE}"
EndProject
Project("{FAE04EC0-301F-11D3-BF4B-00C04F79EFBC}") = "NCILibrary.Core", "Libraries\NCILibrary.Core\NCILibrary.Core.csproj", "{855CDDF5-BB6D-4FDB-AFCE-9B8C1C9D0D87}"
EndProject
Project("{FAE04EC0-301F-11D3-BF4B-00C04F79EFBC}") = "NCILibrary.DataManager", "Libraries\NCILibrary.DataManager\NCILibrary.DataManager.csproj", "{B75A2778-14F2-472A-80D6-A3128E2AD6B2}"
EndProject
Project("{FAE04EC0-301F-11D3-BF4B-00C04F79EFBC}") = "LegacyCDE.Framework", "src\LegacyCDE.Framework\LegacyCDE.Framework.csproj", "{FE791ABD-7C4F-4A61-9EE9-54046C290DED}"
EndProject
Project("{FAE04EC0-301F-11D3-BF4B-00C04F79EFBC}") = "CancerGov.Rendering", "src\CancerGov.Rendering\CancerGov.Rendering.csproj", "{28E929CA-A4DF-4260-8356-2F233ECC19E2}"
EndProject
Project("{FAE04EC0-301F-11D3-BF4B-00C04F79EFBC}") = "CancerGov.Rendering.Tests", "test\CancerGov.Rendering.Tests\CancerGov.Rendering.Tests.csproj", "{075E03A8-2901-4069-A9BC-0A65B7766970}"
EndProject
Global
	GlobalSection(SolutionConfigurationPlatforms) = preSolution
		Debug|Any CPU = Debug|Any CPU
		Release|Any CPU = Release|Any CPU
	EndGlobalSection
	GlobalSection(ProjectConfigurationPlatforms) = postSolution
		{A3B7185D-7CAC-4BB8-B1DC-1A662CD108A2}.Debug|Any CPU.ActiveCfg = Debug|Any CPU
		{A3B7185D-7CAC-4BB8-B1DC-1A662CD108A2}.Debug|Any CPU.Build.0 = Debug|Any CPU
		{A3B7185D-7CAC-4BB8-B1DC-1A662CD108A2}.Release|Any CPU.ActiveCfg = Release|Any CPU
		{A3B7185D-7CAC-4BB8-B1DC-1A662CD108A2}.Release|Any CPU.Build.0 = Release|Any CPU
		{12836211-B27C-4706-A398-98AD892D7AFE}.Debug|Any CPU.ActiveCfg = Debug|Any CPU
		{12836211-B27C-4706-A398-98AD892D7AFE}.Debug|Any CPU.Build.0 = Debug|Any CPU
		{12836211-B27C-4706-A398-98AD892D7AFE}.Release|Any CPU.ActiveCfg = Release|Any CPU
		{12836211-B27C-4706-A398-98AD892D7AFE}.Release|Any CPU.Build.0 = Release|Any CPU
		{FDBBB8E1-7580-46E6-8B5C-7203B22EC960}.Debug|Any CPU.ActiveCfg = Debug|Any CPU
		{FDBBB8E1-7580-46E6-8B5C-7203B22EC960}.Debug|Any CPU.Build.0 = Debug|Any CPU
		{FDBBB8E1-7580-46E6-8B5C-7203B22EC960}.Release|Any CPU.ActiveCfg = Release|Any CPU
		{FDBBB8E1-7580-46E6-8B5C-7203B22EC960}.Release|Any CPU.Build.0 = Release|Any CPU
		{0F51CA89-3E9F-4607-AB7B-C09274300398}.Debug|Any CPU.ActiveCfg = Debug|Any CPU
		{0F51CA89-3E9F-4607-AB7B-C09274300398}.Debug|Any CPU.Build.0 = Debug|Any CPU
		{0F51CA89-3E9F-4607-AB7B-C09274300398}.Release|Any CPU.ActiveCfg = Release|Any CPU
		{0F51CA89-3E9F-4607-AB7B-C09274300398}.Release|Any CPU.Build.0 = Release|Any CPU
		{60D7EF3C-8298-4701-A5BE-BD4F62A0A2FB}.Debug|Any CPU.ActiveCfg = Debug|Any CPU
		{60D7EF3C-8298-4701-A5BE-BD4F62A0A2FB}.Debug|Any CPU.Build.0 = Debug|Any CPU
		{60D7EF3C-8298-4701-A5BE-BD4F62A0A2FB}.Release|Any CPU.ActiveCfg = Release|Any CPU
		{60D7EF3C-8298-4701-A5BE-BD4F62A0A2FB}.Release|Any CPU.Build.0 = Release|Any CPU
		{2B4B8C9A-63D2-4859-A3C3-DB54487B20FE}.Debug|Any CPU.ActiveCfg = Debug|Any CPU
		{2B4B8C9A-63D2-4859-A3C3-DB54487B20FE}.Debug|Any CPU.Build.0 = Debug|Any CPU
		{2B4B8C9A-63D2-4859-A3C3-DB54487B20FE}.Release|Any CPU.ActiveCfg = Release|Any CPU
		{2B4B8C9A-63D2-4859-A3C3-DB54487B20FE}.Release|Any CPU.Build.0 = Release|Any CPU
		{855CDDF5-BB6D-4FDB-AFCE-9B8C1C9D0D87}.Debug|Any CPU.ActiveCfg = Debug|Any CPU
		{855CDDF5-BB6D-4FDB-AFCE-9B8C1C9D0D87}.Debug|Any CPU.Build.0 = Debug|Any CPU
		{855CDDF5-BB6D-4FDB-AFCE-9B8C1C9D0D87}.Release|Any CPU.ActiveCfg = Release|Any CPU
		{855CDDF5-BB6D-4FDB-AFCE-9B8C1C9D0D87}.Release|Any CPU.Build.0 = Release|Any CPU
		{B75A2778-14F2-472A-80D6-A3128E2AD6B2}.Debug|Any CPU.ActiveCfg = Debug|Any CPU
		{B75A2778-14F2-472A-80D6-A3128E2AD6B2}.Debug|Any CPU.Build.0 = Debug|Any CPU
		{B75A2778-14F2-472A-80D6-A3128E2AD6B2}.Release|Any CPU.ActiveCfg = Release|Any CPU
		{B75A2778-14F2-472A-80D6-A3128E2AD6B2}.Release|Any CPU.Build.0 = Release|Any CPU
		{FE791ABD-7C4F-4A61-9EE9-54046C290DED}.Debug|Any CPU.ActiveCfg = Debug|Any CPU
		{FE791ABD-7C4F-4A61-9EE9-54046C290DED}.Debug|Any CPU.Build.0 = Debug|Any CPU
		{FE791ABD-7C4F-4A61-9EE9-54046C290DED}.Release|Any CPU.ActiveCfg = Release|Any CPU
		{FE791ABD-7C4F-4A61-9EE9-54046C290DED}.Release|Any CPU.Build.0 = Release|Any CPU
		{28E929CA-A4DF-4260-8356-2F233ECC19E2}.Debug|Any CPU.ActiveCfg = Debug|Any CPU
		{28E929CA-A4DF-4260-8356-2F233ECC19E2}.Debug|Any CPU.Build.0 = Debug|Any CPU
		{28E929CA-A4DF-4260-8356-2F233ECC19E2}.Release|Any CPU.ActiveCfg = Release|Any CPU
		{28E929CA-A4DF-4260-8356-2F233ECC19E2}.Release|Any CPU.Build.0 = Release|Any CPU
		{075E03A8-2901-4069-A9BC-0A65B7766970}.Debug|Any CPU.ActiveCfg = Debug|Any CPU
		{075E03A8-2901-4069-A9BC-0A65B7766970}.Debug|Any CPU.Build.0 = Debug|Any CPU
		{075E03A8-2901-4069-A9BC-0A65B7766970}.Release|Any CPU.ActiveCfg = Release|Any CPU
		{075E03A8-2901-4069-A9BC-0A65B7766970}.Release|Any CPU.Build.0 = Release|Any CPU
	EndGlobalSection
	GlobalSection(SolutionProperties) = preSolution
		HideSolutionNode = FALSE
	EndGlobalSection
	GlobalSection(NestedProjects) = preSolution
		{A3B7185D-7CAC-4BB8-B1DC-1A662CD108A2} = {CBD05933-11D0-45B9-A5B7-A77F3C5C90AF}
		{12836211-B27C-4706-A398-98AD892D7AFE} = {9FD2D262-0172-4AE1-BCAD-4E1149EFBACF}
		{FDBBB8E1-7580-46E6-8B5C-7203B22EC960} = {9FD2D262-0172-4AE1-BCAD-4E1149EFBACF}
		{0F51CA89-3E9F-4607-AB7B-C09274300398} = {8693873D-8C3B-4C49-A686-519EF9382041}
		{60D7EF3C-8298-4701-A5BE-BD4F62A0A2FB} = {8693873D-8C3B-4C49-A686-519EF9382041}
		{2B4B8C9A-63D2-4859-A3C3-DB54487B20FE} = {9FD2D262-0172-4AE1-BCAD-4E1149EFBACF}
		{855CDDF5-BB6D-4FDB-AFCE-9B8C1C9D0D87} = {CBD05933-11D0-45B9-A5B7-A77F3C5C90AF}
		{B75A2778-14F2-472A-80D6-A3128E2AD6B2} = {CBD05933-11D0-45B9-A5B7-A77F3C5C90AF}
		{FE791ABD-7C4F-4A61-9EE9-54046C290DED} = {9FD2D262-0172-4AE1-BCAD-4E1149EFBACF}
		{28E929CA-A4DF-4260-8356-2F233ECC19E2} = {9FD2D262-0172-4AE1-BCAD-4E1149EFBACF}
		{075E03A8-2901-4069-A9BC-0A65B7766970} = {8693873D-8C3B-4C49-A686-519EF9382041}
	EndGlobalSection
	GlobalSection(ExtensibilityGlobals) = postSolution
		SolutionGuid = {84745872-D83A-4F39-81F6-AD5662C35B38}
	EndGlobalSection
EndGlobal
